
Microsoft Visual Studio Solution File, Format Version 12.00
# Visual Studio Version 17
VisualStudioVersion = 17.5.002.0
MinimumVisualStudioVersion = 10.0.40219.1
Project("{9A19103F-16F7-4668-BE54-9A1E7A4F7556}") = "CustomerManagement", "CustomerManagement.csproj", "{73C71F89-3223-4AE9-A5CD-DB5F0FA80942}"
EndProject
Global
	GlobalSection(SolutionConfigurationPlatforms) = preSolution
		Debug|Any CPU = Debug|Any CPU
		Release|Any CPU = Release|Any CPU
	EndGlobalSection
	GlobalSection(ProjectConfigurationPlatforms) = postSolution
		{73C71F89-3223-4AE9-A5CD-DB5F0FA80942}.Debug|Any CPU.ActiveCfg = Debug|Any CPU
		{73C71F89-3223-4AE9-A5CD-DB5F0FA80942}.Debug|Any CPU.Build.0 = Debug|Any CPU
		{73C71F89-3223-4AE9-A5CD-DB5F0FA80942}.Release|Any CPU.ActiveCfg = Release|Any CPU
		{73C71F89-3223-4AE9-A5CD-DB5F0FA80942}.Release|Any CPU.Build.0 = Release|Any CPU
		{86DBDB25-0EE2-4034-AB16-4410DFCBA3A4}.Debug|Any CPU.ActiveCfg = Debug|Any CPU
		{86DBDB25-0EE2-4034-AB16-4410DFCBA3A4}.Debug|Any CPU.Build.0 = Debug|Any CPU
		{86DBDB25-0EE2-4034-AB16-4410DFCBA3A4}.Release|Any CPU.ActiveCfg = Release|Any CPU
		{86DBDB25-0EE2-4034-AB16-4410DFCBA3A4}.Release|Any CPU.Build.0 = Release|Any CPU
	EndGlobalSection
	GlobalSection(SolutionProperties) = preSolution
		HideSolutionNode = FALSE
	EndGlobalSection
	GlobalSection(ExtensibilityGlobals) = postSolution
		SolutionGuid = {86B63FA1-E040-436F-B581-0BEBD6123F81}
	EndGlobalSection
EndGlobal
